
Microsoft Visual Studio Solution File, Format Version 12.00
# Visual Studio Version 17
VisualStudioVersion = 17.0.31919.166
MinimumVisualStudioVersion = 10.0.40219.1
Project("{FAE04EC0-301F-11D3-BF4B-00C04F79EFBC}") = "ISRPO_L1", "ISRPO_L1\ISRPO_L1.csproj", "{FD5CF668-DE2F-4832-A14B-A442715070C0}"
EndProject
Global
	GlobalSection(SolutionConfigurationPlatforms) = preSolution
		Debug|Any CPU = Debug|Any CPU
		Release|Any CPU = Release|Any CPU
	EndGlobalSection
	GlobalSection(ProjectConfigurationPlatforms) = postSolution
		{FD5CF668-DE2F-4832-A14B-A442715070C0}.Debug|Any CPU.ActiveCfg = Debug|Any CPU
		{FD5CF668-DE2F-4832-A14B-A442715070C0}.Debug|Any CPU.Build.0 = Debug|Any CPU
		{FD5CF668-DE2F-4832-A14B-A442715070C0}.Release|Any CPU.ActiveCfg = Release|Any CPU
		{FD5CF668-DE2F-4832-A14B-A442715070C0}.Release|Any CPU.Build.0 = Release|Any CPU
	EndGlobalSection
	GlobalSection(SolutionProperties) = preSolution
		HideSolutionNode = FALSE
	EndGlobalSection
	GlobalSection(ExtensibilityGlobals) = postSolution
		SolutionGuid = {BACC7822-9148-4D09-9AE1-E50649C56B0C}
	EndGlobalSection
EndGlobal
